
Microsoft Visual Studio Solution File, Format Version 12.00
# Visual Studio Version 17
VisualStudioVersion = 17.4.33213.308
MinimumVisualStudioVersion = 10.0.40219.1
Project("{9A19103F-16F7-4668-BE54-9A1E7A4F7556}") = "Parcial.Shared", "Parcial.Shared\Parcial.Shared.csproj", "{652CE812-8DCC-4009-BEDF-16C569241C9D}"
EndProject
Project("{9A19103F-16F7-4668-BE54-9A1E7A4F7556}") = "Parcial.API", "Parcial.API\Parcial.API.csproj", "{4FCD901A-EFB9-4B3E-A50F-62652D5CEBBB}"
EndProject
Project("{9A19103F-16F7-4668-BE54-9A1E7A4F7556}") = "Parcial.Web", "Parcial.Web\Parcial.Web.csproj", "{95DF55DA-2175-4202-A8DC-C9F1B3BA517B}"
EndProject
Global
	GlobalSection(SolutionConfigurationPlatforms) = preSolution
		Debug|Any CPU = Debug|Any CPU
		Release|Any CPU = Release|Any CPU
	EndGlobalSection
	GlobalSection(ProjectConfigurationPlatforms) = postSolution
		{652CE812-8DCC-4009-BEDF-16C569241C9D}.Debug|Any CPU.ActiveCfg = Debug|Any CPU
		{652CE812-8DCC-4009-BEDF-16C569241C9D}.Debug|Any CPU.Build.0 = Debug|Any CPU
		{652CE812-8DCC-4009-BEDF-16C569241C9D}.Release|Any CPU.ActiveCfg = Release|Any CPU
		{652CE812-8DCC-4009-BEDF-16C569241C9D}.Release|Any CPU.Build.0 = Release|Any CPU
		{4FCD901A-EFB9-4B3E-A50F-62652D5CEBBB}.Debug|Any CPU.ActiveCfg = Debug|Any CPU
		{4FCD901A-EFB9-4B3E-A50F-62652D5CEBBB}.Debug|Any CPU.Build.0 = Debug|Any CPU
		{4FCD901A-EFB9-4B3E-A50F-62652D5CEBBB}.Release|Any CPU.ActiveCfg = Release|Any CPU
		{4FCD901A-EFB9-4B3E-A50F-62652D5CEBBB}.Release|Any CPU.Build.0 = Release|Any CPU
		{95DF55DA-2175-4202-A8DC-C9F1B3BA517B}.Debug|Any CPU.ActiveCfg = Debug|Any CPU
		{95DF55DA-2175-4202-A8DC-C9F1B3BA517B}.Debug|Any CPU.Build.0 = Debug|Any CPU
		{95DF55DA-2175-4202-A8DC-C9F1B3BA517B}.Release|Any CPU.ActiveCfg = Release|Any CPU
		{95DF55DA-2175-4202-A8DC-C9F1B3BA517B}.Release|Any CPU.Build.0 = Release|Any CPU
	EndGlobalSection
	GlobalSection(SolutionProperties) = preSolution
		HideSolutionNode = FALSE
	EndGlobalSection
	GlobalSection(ExtensibilityGlobals) = postSolution
		SolutionGuid = {B0667A66-2057-429E-AC17-D99780FDAF5B}
	EndGlobalSection
EndGlobal
